// !$*UTF8*$!
{
	archiveVersion = 1;
	classes = {
	};
	objectVersion = 56;
	objects = {

/* Begin PBXBuildFile section */
		9422DA1C29506378002D0BE3 /* UberCloneSwiftUIApp.swift in Sources */ = {isa = PBXBuildFile; fileRef = 9422DA1B29506378002D0BE3 /* UberCloneSwiftUIApp.swift */; };
		9422DA1E29506378002D0BE3 /* ContentView.swift in Sources */ = {isa = PBXBuildFile; fileRef = 9422DA1D29506378002D0BE3 /* ContentView.swift */; };
		9422DA202950637A002D0BE3 /* Assets.xcassets in Resources */ = {isa = PBXBuildFile; fileRef = 9422DA1F2950637A002D0BE3 /* Assets.xcassets */; };
		9422DA232950637A002D0BE3 /* Preview Assets.xcassets in Resources */ = {isa = PBXBuildFile; fileRef = 9422DA222950637A002D0BE3 /* Preview Assets.xcassets */; };
		9422DA33295066F8002D0BE3 /* HomeView.swift in Sources */ = {isa = PBXBuildFile; fileRef = 9422DA32295066F8002D0BE3 /* HomeView.swift */; };
		9422DA352950674C002D0BE3 /* UberMapViewRepresentable.swift in Sources */ = {isa = PBXBuildFile; fileRef = 9422DA342950674C002D0BE3 /* UberMapViewRepresentable.swift */; };
		9422DA3729506939002D0BE3 /* LocationManager.swift in Sources */ = {isa = PBXBuildFile; fileRef = 9422DA3629506939002D0BE3 /* LocationManager.swift */; };
		9422DA3C29507472002D0BE3 /* LocatoinSearchActivityView.swift in Sources */ = {isa = PBXBuildFile; fileRef = 9422DA3B29507472002D0BE3 /* LocatoinSearchActivityView.swift */; };
		9422DA3E295075AB002D0BE3 /* MapViewActionButton.swift in Sources */ = {isa = PBXBuildFile; fileRef = 9422DA3D295075AB002D0BE3 /* MapViewActionButton.swift */; };
		9422DA4029507699002D0BE3 /* LocatoinSearchView.swift in Sources */ = {isa = PBXBuildFile; fileRef = 9422DA3F29507699002D0BE3 /* LocatoinSearchView.swift */; };
		9422DA4229507A12002D0BE3 /* LocationSearchResultCell.swift in Sources */ = {isa = PBXBuildFile; fileRef = 9422DA4129507A12002D0BE3 /* LocationSearchResultCell.swift */; };
		9422DA442950861C002D0BE3 /* LocationSearchViewModel.swift in Sources */ = {isa = PBXBuildFile; fileRef = 9422DA432950861C002D0BE3 /* LocationSearchViewModel.swift */; };
		9422DA4629509C86002D0BE3 /* MapViewState.swift in Sources */ = {isa = PBXBuildFile; fileRef = 9422DA4529509C86002D0BE3 /* MapViewState.swift */; };
		945157122953291900BFEF11 /* RideRequestView.swift in Sources */ = {isa = PBXBuildFile; fileRef = 945157112953291900BFEF11 /* RideRequestView.swift */; };
		9451571429540AD100BFEF11 /* RideType.swift in Sources */ = {isa = PBXBuildFile; fileRef = 9451571329540AD000BFEF11 /* RideType.swift */; };
		9451571629542BF700BFEF11 /* Double.swift in Sources */ = {isa = PBXBuildFile; fileRef = 9451571529542BF700BFEF11 /* Double.swift */; };
/* End PBXBuildFile section */

/* Begin PBXFileReference section */
		9422DA1829506378002D0BE3 /* UberCloneSwiftUI.app */ = {isa = PBXFileReference; explicitFileType = wrapper.application; includeInIndex = 0; path = UberCloneSwiftUI.app; sourceTree = BUILT_PRODUCTS_DIR; };
		9422DA1B29506378002D0BE3 /* UberCloneSwiftUIApp.swift */ = {isa = PBXFileReference; lastKnownFileType = sourcecode.swift; path = UberCloneSwiftUIApp.swift; sourceTree = "<group>"; };
		9422DA1D29506378002D0BE3 /* ContentView.swift */ = {isa = PBXFileReference; lastKnownFileType = sourcecode.swift; path = ContentView.swift; sourceTree = "<group>"; };
		9422DA1F2950637A002D0BE3 /* Assets.xcassets */ = {isa = PBXFileReference; lastKnownFileType = folder.assetcatalog; path = Assets.xcassets; sourceTree = "<group>"; };
		9422DA222950637A002D0BE3 /* Preview Assets.xcassets */ = {isa = PBXFileReference; lastKnownFileType = folder.assetcatalog; path = "Preview Assets.xcassets"; sourceTree = "<group>"; };
		9422DA32295066F8002D0BE3 /* HomeView.swift */ = {isa = PBXFileReference; lastKnownFileType = sourcecode.swift; path = HomeView.swift; sourceTree = "<group>"; };
		9422DA342950674C002D0BE3 /* UberMapViewRepresentable.swift */ = {isa = PBXFileReference; lastKnownFileType = sourcecode.swift; path = UberMapViewRepresentable.swift; sourceTree = "<group>"; };
		9422DA3629506939002D0BE3 /* LocationManager.swift */ = {isa = PBXFileReference; lastKnownFileType = sourcecode.swift; path = LocationManager.swift; sourceTree = "<group>"; };
		9422DA3B29507472002D0BE3 /* LocatoinSearchActivityView.swift */ = {isa = PBXFileReference; lastKnownFileType = sourcecode.swift; path = LocatoinSearchActivityView.swift; sourceTree = "<group>"; };
		9422DA3D295075AB002D0BE3 /* MapViewActionButton.swift */ = {isa = PBXFileReference; lastKnownFileType = sourcecode.swift; path = MapViewActionButton.swift; sourceTree = "<group>"; };
		9422DA3F29507699002D0BE3 /* LocatoinSearchView.swift */ = {isa = PBXFileReference; lastKnownFileType = sourcecode.swift; path = LocatoinSearchView.swift; sourceTree = "<group>"; };
		9422DA4129507A12002D0BE3 /* LocationSearchResultCell.swift */ = {isa = PBXFileReference; lastKnownFileType = sourcecode.swift; path = LocationSearchResultCell.swift; sourceTree = "<group>"; };
		9422DA432950861C002D0BE3 /* LocationSearchViewModel.swift */ = {isa = PBXFileReference; lastKnownFileType = sourcecode.swift; path = LocationSearchViewModel.swift; sourceTree = "<group>"; };
		9422DA4529509C86002D0BE3 /* MapViewState.swift */ = {isa = PBXFileReference; lastKnownFileType = sourcecode.swift; path = MapViewState.swift; sourceTree = "<group>"; };
		945157112953291900BFEF11 /* RideRequestView.swift */ = {isa = PBXFileReference; lastKnownFileType = sourcecode.swift; path = RideRequestView.swift; sourceTree = "<group>"; };
		9451571329540AD000BFEF11 /* RideType.swift */ = {isa = PBXFileReference; lastKnownFileType = sourcecode.swift; path = RideType.swift; sourceTree = "<group>"; };
		9451571529542BF700BFEF11 /* Double.swift */ = {isa = PBXFileReference; lastKnownFileType = sourcecode.swift; path = Double.swift; sourceTree = "<group>"; };
/* End PBXFileReference section */

/* Begin PBXFrameworksBuildPhase section */
		9422DA1529506378002D0BE3 /* Frameworks */ = {
			isa = PBXFrameworksBuildPhase;
			buildActionMask = 2147483647;
			files = (
			);
			runOnlyForDeploymentPostprocessing = 0;
		};
/* End PBXFrameworksBuildPhase section */

/* Begin PBXGroup section */
		9422DA0F29506378002D0BE3 = {
			isa = PBXGroup;
			children = (
				9422DA1A29506378002D0BE3 /* UberCloneSwiftUI */,
				9422DA1929506378002D0BE3 /* Products */,
			);
			sourceTree = "<group>";
		};
		9422DA1929506378002D0BE3 /* Products */ = {
			isa = PBXGroup;
			children = (
				9422DA1829506378002D0BE3 /* UberCloneSwiftUI.app */,
			);
			name = Products;
			sourceTree = "<group>";
		};
		9422DA1A29506378002D0BE3 /* UberCloneSwiftUI */ = {
			isa = PBXGroup;
			children = (
				9422DA2F29506662002D0BE3 /* App */,
				9422DA2E29506660002D0BE3 /* Core */,
				9422DA2D2950665C002D0BE3 /* Extension */,
				9422DA2C29506659002D0BE3 /* Managers */,
				9422DA292950664C002D0BE3 /* Models */,
				9422DA1B29506378002D0BE3 /* UberCloneSwiftUIApp.swift */,
				9422DA1D29506378002D0BE3 /* ContentView.swift */,
				9422DA1F2950637A002D0BE3 /* Assets.xcassets */,
				9422DA212950637A002D0BE3 /* Preview Content */,
			);
			path = UberCloneSwiftUI;
			sourceTree = "<group>";
		};
		9422DA212950637A002D0BE3 /* Preview Content */ = {
			isa = PBXGroup;
			children = (
				9422DA222950637A002D0BE3 /* Preview Assets.xcassets */,
			);
			path = "Preview Content";
			sourceTree = "<group>";
		};
		9422DA292950664C002D0BE3 /* Models */ = {
			isa = PBXGroup;
			children = (
				9422DA4529509C86002D0BE3 /* MapViewState.swift */,
				9451571329540AD000BFEF11 /* RideType.swift */,
			);
			path = Models;
			sourceTree = "<group>";
		};
		9422DA2C29506659002D0BE3 /* Managers */ = {
			isa = PBXGroup;
			children = (
				9422DA3629506939002D0BE3 /* LocationManager.swift */,
			);
			path = Managers;
			sourceTree = "<group>";
		};
		9422DA2D2950665C002D0BE3 /* Extension */ = {
			isa = PBXGroup;
			children = (
				9451571529542BF700BFEF11 /* Double.swift */,
			);
			path = Extension;
			sourceTree = "<group>";
		};
		9422DA2E29506660002D0BE3 /* Core */ = {
			isa = PBXGroup;
			children = (
				945157102953290700BFEF11 /* Tips */,
				9422DA3829507448002D0BE3 /* LocationSearch */,
				9422DA31295066D1002D0BE3 /* ViewModel */,
				9422DA30295066CE002D0BE3 /* Views */,
			);
			path = Core;
			sourceTree = "<group>";
		};
		9422DA2F29506662002D0BE3 /* App */ = {
			isa = PBXGroup;
			children = (
			);
			path = App;
			sourceTree = "<group>";
		};
		9422DA30295066CE002D0BE3 /* Views */ = {
			isa = PBXGroup;
			children = (
				9422DA32295066F8002D0BE3 /* HomeView.swift */,
				9422DA342950674C002D0BE3 /* UberMapViewRepresentable.swift */,
				9422DA3D295075AB002D0BE3 /* MapViewActionButton.swift */,
			);
			path = Views;
			sourceTree = "<group>";
		};
		9422DA31295066D1002D0BE3 /* ViewModel */ = {
			isa = PBXGroup;
			children = (
			);
			path = ViewModel;
			sourceTree = "<group>";
		};
		9422DA3829507448002D0BE3 /* LocationSearch */ = {
			isa = PBXGroup;
			children = (
				9422DA3929507453002D0BE3 /* ViewModel */,
				9422DA3A2950745A002D0BE3 /* Views */,
			);
			path = LocationSearch;
			sourceTree = "<group>";
		};
		9422DA3929507453002D0BE3 /* ViewModel */ = {
			isa = PBXGroup;
			children = (
				9422DA432950861C002D0BE3 /* LocationSearchViewModel.swift */,
			);
			path = ViewModel;
			sourceTree = "<group>";
		};
		9422DA3A2950745A002D0BE3 /* Views */ = {
			isa = PBXGroup;
			children = (
				9422DA3B29507472002D0BE3 /* LocatoinSearchActivityView.swift */,
				9422DA3F29507699002D0BE3 /* LocatoinSearchView.swift */,
				9422DA4129507A12002D0BE3 /* LocationSearchResultCell.swift */,
			);
			path = Views;
			sourceTree = "<group>";
		};
		945157102953290700BFEF11 /* Tips */ = {
			isa = PBXGroup;
			children = (
				945157112953291900BFEF11 /* RideRequestView.swift */,
			);
			path = Tips;
			sourceTree = "<group>";
		};
/* End PBXGroup section */

/* Begin PBXNativeTarget section */
		9422DA1729506378002D0BE3 /* UberCloneSwiftUI */ = {
			isa = PBXNativeTarget;
			buildConfigurationList = 9422DA262950637A002D0BE3 /* Build configuration list for PBXNativeTarget "UberCloneSwiftUI" */;
			buildPhases = (
				9422DA1429506378002D0BE3 /* Sources */,
				9422DA1529506378002D0BE3 /* Frameworks */,
				9422DA1629506378002D0BE3 /* Resources */,
			);
			buildRules = (
			);
			dependencies = (
			);
			name = UberCloneSwiftUI;
			productName = UberCloneSwiftUI;
			productReference = 9422DA1829506378002D0BE3 /* UberCloneSwiftUI.app */;
			productType = "com.apple.product-type.application";
		};
/* End PBXNativeTarget section */

/* Begin PBXProject section */
		9422DA1029506378002D0BE3 /* Project object */ = {
			isa = PBXProject;
			attributes = {
				BuildIndependentTargetsInParallel = 1;
				LastSwiftUpdateCheck = 1420;
				LastUpgradeCheck = 1420;
				TargetAttributes = {
					9422DA1729506378002D0BE3 = {
						CreatedOnToolsVersion = 14.2;
					};
				};
			};
			buildConfigurationList = 9422DA1329506378002D0BE3 /* Build configuration list for PBXProject "UberCloneSwiftUI" */;
			compatibilityVersion = "Xcode 14.0";
			developmentRegion = en;
			hasScannedForEncodings = 0;
			knownRegions = (
				en,
				Base,
			);
			mainGroup = 9422DA0F29506378002D0BE3;
			productRefGroup = 9422DA1929506378002D0BE3 /* Products */;
			projectDirPath = "";
			projectRoot = "";
			targets = (
				9422DA1729506378002D0BE3 /* UberCloneSwiftUI */,
			);
		};
/* End PBXProject section */

/* Begin PBXResourcesBuildPhase section */
		9422DA1629506378002D0BE3 /* Resources */ = {
			isa = PBXResourcesBuildPhase;
			buildActionMask = 2147483647;
			files = (
				9422DA232950637A002D0BE3 /* Preview Assets.xcassets in Resources */,
				9422DA202950637A002D0BE3 /* Assets.xcassets in Resources */,
			);
			runOnlyForDeploymentPostprocessing = 0;
		};
/* End PBXResourcesBuildPhase section */

/* Begin PBXSourcesBuildPhase section */
		9422DA1429506378002D0BE3 /* Sources */ = {
			isa = PBXSourcesBuildPhase;
			buildActionMask = 2147483647;
			files = (
				9422DA33295066F8002D0BE3 /* HomeView.swift in Sources */,
				9451571429540AD100BFEF11 /* RideType.swift in Sources */,
				9422DA1E29506378002D0BE3 /* ContentView.swift in Sources */,
				9422DA3C29507472002D0BE3 /* LocatoinSearchActivityView.swift in Sources */,
				9422DA442950861C002D0BE3 /* LocationSearchViewModel.swift in Sources */,
				9422DA3729506939002D0BE3 /* LocationManager.swift in Sources */,
				9422DA4629509C86002D0BE3 /* MapViewState.swift in Sources */,
				9422DA352950674C002D0BE3 /* UberMapViewRepresentable.swift in Sources */,
				9422DA4029507699002D0BE3 /* LocatoinSearchView.swift in Sources */,
				945157122953291900BFEF11 /* RideRequestView.swift in Sources */,
				9451571629542BF700BFEF11 /* Double.swift in Sources */,
				9422DA4229507A12002D0BE3 /* LocationSearchResultCell.swift in Sources */,
				9422DA1C29506378002D0BE3 /* UberCloneSwiftUIApp.swift in Sources */,
				9422DA3E295075AB002D0BE3 /* MapViewActionButton.swift in Sources */,
			);
			runOnlyForDeploymentPostprocessing = 0;
		};
/* End PBXSourcesBuildPhase section */

/* Begin XCBuildConfiguration section */
		9422DA242950637A002D0BE3 /* Debug */ = {
			isa = XCBuildConfiguration;
			buildSettings = {
				ALWAYS_SEARCH_USER_PATHS = NO;
				CLANG_ANALYZER_NONNULL = YES;
				CLANG_ANALYZER_NUMBER_OBJECT_CONVERSION = YES_AGGRESSIVE;
				CLANG_CXX_LANGUAGE_STANDARD = "gnu++20";
				CLANG_ENABLE_MODULES = YES;
				CLANG_ENABLE_OBJC_ARC = YES;
				CLANG_ENABLE_OBJC_WEAK = YES;
				CLANG_WARN_BLOCK_CAPTURE_AUTORELEASING = YES;
				CLANG_WARN_BOOL_CONVERSION = YES;
				CLANG_WARN_COMMA = YES;
				CLANG_WARN_CONSTANT_CONVERSION = YES;
				CLANG_WARN_DEPRECATED_OBJC_IMPLEMENTATIONS = YES;
				CLANG_WARN_DIRECT_OBJC_ISA_USAGE = YES_ERROR;
				CLANG_WARN_DOCUMENTATION_COMMENTS = YES;
				CLANG_WARN_EMPTY_BODY = YES;
				CLANG_WARN_ENUM_CONVERSION = YES;
				CLANG_WARN_INFINITE_RECURSION = YES;
				CLANG_WARN_INT_CONVERSION = YES;
				CLANG_WARN_NON_LITERAL_NULL_CONVERSION = YES;
				CLANG_WARN_OBJC_IMPLICIT_RETAIN_SELF = YES;
				CLANG_WARN_OBJC_LITERAL_CONVERSION = YES;
				CLANG_WARN_OBJC_ROOT_CLASS = YES_ERROR;
				CLANG_WARN_QUOTED_INCLUDE_IN_FRAMEWORK_HEADER = YES;
				CLANG_WARN_RANGE_LOOP_ANALYSIS = YES;
				CLANG_WARN_STRICT_PROTOTYPES = YES;
				CLANG_WARN_SUSPICIOUS_MOVE = YES;
				CLANG_WARN_UNGUARDED_AVAILABILITY = YES_AGGRESSIVE;
				CLANG_WARN_UNREACHABLE_CODE = YES;
				CLANG_WARN__DUPLICATE_METHOD_MATCH = YES;
				COPY_PHASE_STRIP = NO;
				DEBUG_INFORMATION_FORMAT = dwarf;
				ENABLE_STRICT_OBJC_MSGSEND = YES;
				ENABLE_TESTABILITY = YES;
				GCC_C_LANGUAGE_STANDARD = gnu11;
				GCC_DYNAMIC_NO_PIC = NO;
				GCC_NO_COMMON_BLOCKS = YES;
				GCC_OPTIMIZATION_LEVEL = 0;
				GCC_PREPROCESSOR_DEFINITIONS = (
					"DEBUG=1",
					"$(inherited)",
				);
				GCC_WARN_64_TO_32_BIT_CONVERSION = YES;
				GCC_WARN_ABOUT_RETURN_TYPE = YES_ERROR;
				GCC_WARN_UNDECLARED_SELECTOR = YES;
				GCC_WARN_UNINITIALIZED_AUTOS = YES_AGGRESSIVE;
				GCC_WARN_UNUSED_FUNCTION = YES;
				GCC_WARN_UNUSED_VARIABLE = YES;
				IPHONEOS_DEPLOYMENT_TARGET = 16.2;
				MTL_ENABLE_DEBUG_INFO = INCLUDE_SOURCE;
				MTL_FAST_MATH = YES;
				ONLY_ACTIVE_ARCH = YES;
				SDKROOT = iphoneos;
				SWIFT_ACTIVE_COMPILATION_CONDITIONS = DEBUG;
				SWIFT_OPTIMIZATION_LEVEL = "-Onone";
			};
			name = Debug;
		};
		9422DA252950637A002D0BE3 /* Release */ = {
			isa = XCBuildConfiguration;
			buildSettings = {
				ALWAYS_SEARCH_USER_PATHS = NO;
				CLANG_ANALYZER_NONNULL = YES;
				CLANG_ANALYZER_NUMBER_OBJECT_CONVERSION = YES_AGGRESSIVE;
				CLANG_CXX_LANGUAGE_STANDARD = "gnu++20";
				CLANG_ENABLE_MODULES = YES;
				CLANG_ENABLE_OBJC_ARC = YES;
				CLANG_ENABLE_OBJC_WEAK = YES;
				CLANG_WARN_BLOCK_CAPTURE_AUTORELEASING = YES;
				CLANG_WARN_BOOL_CONVERSION = YES;
				CLANG_WARN_COMMA = YES;
				CLANG_WARN_CONSTANT_CONVERSION = YES;
				CLANG_WARN_DEPRECATED_OBJC_IMPLEMENTATIONS = YES;
				CLANG_WARN_DIRECT_OBJC_ISA_USAGE = YES_ERROR;
				CLANG_WARN_DOCUMENTATION_COMMENTS = YES;
				CLANG_WARN_EMPTY_BODY = YES;
				CLANG_WARN_ENUM_CONVERSION = YES;
				CLANG_WARN_INFINITE_RECURSION = YES;
				CLANG_WARN_INT_CONVERSION = YES;
				CLANG_WARN_NON_LITERAL_NULL_CONVERSION = YES;
				CLANG_WARN_OBJC_IMPLICIT_RETAIN_SELF = YES;
				CLANG_WARN_OBJC_LITERAL_CONVERSION = YES;
				CLANG_WARN_OBJC_ROOT_CLASS = YES_ERROR;
				CLANG_WARN_QUOTED_INCLUDE_IN_FRAMEWORK_HEADER = YES;
				CLANG_WARN_RANGE_LOOP_ANALYSIS = YES;
				CLANG_WARN_STRICT_PROTOTYPES = YES;
				CLANG_WARN_SUSPICIOUS_MOVE = YES;
				CLANG_WARN_UNGUARDED_AVAILABILITY = YES_AGGRESSIVE;
				CLANG_WARN_UNREACHABLE_CODE = YES;
				CLANG_WARN__DUPLICATE_METHOD_MATCH = YES;
				COPY_PHASE_STRIP = NO;
				DEBUG_INFORMATION_FORMAT = "dwarf-with-dsym";
				ENABLE_NS_ASSERTIONS = NO;
				ENABLE_STRICT_OBJC_MSGSEND = YES;
				GCC_C_LANGUAGE_STANDARD = gnu11;
				GCC_NO_COMMON_BLOCKS = YES;
				GCC_WARN_64_TO_32_BIT_CONVERSION = YES;
				GCC_WARN_ABOUT_RETURN_TYPE = YES_ERROR;
				GCC_WARN_UNDECLARED_SELECTOR = YES;
				GCC_WARN_UNINITIALIZED_AUTOS = YES_AGGRESSIVE;
				GCC_WARN_UNUSED_FUNCTION = YES;
				GCC_WARN_UNUSED_VARIABLE = YES;
				IPHONEOS_DEPLOYMENT_TARGET = 16.2;
				MTL_ENABLE_DEBUG_INFO = NO;
				MTL_FAST_MATH = YES;
				SDKROOT = iphoneos;
				SWIFT_COMPILATION_MODE = wholemodule;
				SWIFT_OPTIMIZATION_LEVEL = "-O";
				VALIDATE_PRODUCT = YES;
			};
			name = Release;
		};
		9422DA272950637A002D0BE3 /* Debug */ = {
			isa = XCBuildConfiguration;
			buildSettings = {
				ASSETCATALOG_COMPILER_APPICON_NAME = AppIcon;
				ASSETCATALOG_COMPILER_GLOBAL_ACCENT_COLOR_NAME = AccentColor;
				CODE_SIGN_STYLE = Automatic;
				CURRENT_PROJECT_VERSION = 1;
				DEVELOPMENT_ASSET_PATHS = "\"UberCloneSwiftUI/Preview Content\"";
				DEVELOPMENT_TEAM = L3D3A22YK5;
				ENABLE_PREVIEWS = YES;
				GENERATE_INFOPLIST_FILE = YES;
				INFOPLIST_KEY_NSLocationWhenInUseUsageDescription = "This app need to access your device location to show in map";
				INFOPLIST_KEY_UIApplicationSceneManifest_Generation = YES;
				INFOPLIST_KEY_UIApplicationSupportsIndirectInputEvents = YES;
				INFOPLIST_KEY_UILaunchScreen_Generation = YES;
				INFOPLIST_KEY_UISupportedInterfaceOrientations_iPad = "UIInterfaceOrientationPortrait UIInterfaceOrientationPortraitUpsideDown UIInterfaceOrientationLandscapeLeft UIInterfaceOrientationLandscapeRight";
				INFOPLIST_KEY_UISupportedInterfaceOrientations_iPhone = "UIInterfaceOrientationPortrait UIInterfaceOrientationLandscapeLeft UIInterfaceOrientationLandscapeRight";
				LD_RUNPATH_SEARCH_PATHS = (
					"$(inherited)",
					"@executable_path/Frameworks",
				);
				MARKETING_VERSION = 1.0;
				PRODUCT_BUNDLE_IDENTIFIER = io.appnap.UberCloneSwiftUI;
				PRODUCT_NAME = "$(TARGET_NAME)";
				SWIFT_EMIT_LOC_STRINGS = YES;
				SWIFT_VERSION = 5.0;
				TARGETED_DEVICE_FAMILY = "1,2";
			};
			name = Debug;
		};
		9422DA282950637A002D0BE3 /* Release */ = {
			isa = XCBuildConfiguration;
			buildSettings = {
				ASSETCATALOG_COMPILER_APPICON_NAME = AppIcon;
				ASSETCATALOG_COMPILER_GLOBAL_ACCENT_COLOR_NAME = AccentColor;
				CODE_SIGN_STYLE = Automatic;
				CURRENT_PROJECT_VERSION = 1;
				DEVELOPMENT_ASSET_PATHS = "\"UberCloneSwiftUI/Preview Content\"";
				DEVELOPMENT_TEAM = L3D3A22YK5;
				ENABLE_PREVIEWS = YES;
				GENERATE_INFOPLIST_FILE = YES;
				INFOPLIST_KEY_NSLocationWhenInUseUsageDescription = "This app need to access your device location to show in map";
				INFOPLIST_KEY_UIApplicationSceneManifest_Generation = YES;
				INFOPLIST_KEY_UIApplicationSupportsIndirectInputEvents = YES;
				INFOPLIST_KEY_UILaunchScreen_Generation = YES;
				INFOPLIST_KEY_UISupportedInterfaceOrientations_iPad = "UIInterfaceOrientationPortrait UIInterfaceOrientationPortraitUpsideDown UIInterfaceOrientationLandscapeLeft UIInterfaceOrientationLandscapeRight";
				INFOPLIST_KEY_UISupportedInterfaceOrientations_iPhone = "UIInterfaceOrientationPortrait UIInterfaceOrientationLandscapeLeft UIInterfaceOrientationLandscapeRight";
				LD_RUNPATH_SEARCH_PATHS = (
					"$(inherited)",
					"@executable_path/Frameworks",
				);
				MARKETING_VERSION = 1.0;
				PRODUCT_BUNDLE_IDENTIFIER = io.appnap.UberCloneSwiftUI;
				PRODUCT_NAME = "$(TARGET_NAME)";
				SWIFT_EMIT_LOC_STRINGS = YES;
				SWIFT_VERSION = 5.0;
				TARGETED_DEVICE_FAMILY = "1,2";
			};
			name = Release;
		};
/* End XCBuildConfiguration section */

/* Begin XCConfigurationList section */
		9422DA1329506378002D0BE3 /* Build configuration list for PBXProject "UberCloneSwiftUI" */ = {
			isa = XCConfigurationList;
			buildConfigurations = (
				9422DA242950637A002D0BE3 /* Debug */,
				9422DA252950637A002D0BE3 /* Release */,
			);
			defaultConfigurationIsVisible = 0;
			defaultConfigurationName = Release;
		};
		9422DA262950637A002D0BE3 /* Build configuration list for PBXNativeTarget "UberCloneSwiftUI" */ = {
			isa = XCConfigurationList;
			buildConfigurations = (
				9422DA272950637A002D0BE3 /* Debug */,
				9422DA282950637A002D0BE3 /* Release */,
			);
			defaultConfigurationIsVisible = 0;
			defaultConfigurationName = Release;
		};
/* End XCConfigurationList section */
	};
	rootObject = 9422DA1029506378002D0BE3 /* Project object */;
}
